// !$*UTF8*$!
{
	archiveVersion = 1;
	classes = {
	};
	objectVersion = 46;
	objects = {

/* Begin PBXBuildFile section */
		33E9503246F66FA4D92517C7 /* Pods_Giphsy.framework in Frameworks */ = {isa = PBXBuildFile; fileRef = 45808A5B4448DE49C41D2272 /* Pods_Giphsy.framework */; };
		C610D72F1F515DA70033717C /* ApiService.swift in Sources */ = {isa = PBXBuildFile; fileRef = C610D72E1F515DA70033717C /* ApiService.swift */; };
		C610D7391F51678A0033717C /* SearchViewModel.swift in Sources */ = {isa = PBXBuildFile; fileRef = C610D7381F51678A0033717C /* SearchViewModel.swift */; };
		C610D73B1F5167CA0033717C /* GalleryItem.swift in Sources */ = {isa = PBXBuildFile; fileRef = C610D73A1F5167CA0033717C /* GalleryItem.swift */; };
		C610D73E1F5167DF0033717C /* ImageItem.swift in Sources */ = {isa = PBXBuildFile; fileRef = C610D73D1F5167DF0033717C /* ImageItem.swift */; };
		C610D7401F5167EF0033717C /* TagItem.swift in Sources */ = {isa = PBXBuildFile; fileRef = C610D73F1F5167EF0033717C /* TagItem.swift */; };
		C6C8888D1F5152F30063BC76 /* AppDelegate.swift in Sources */ = {isa = PBXBuildFile; fileRef = C6C8888C1F5152F30063BC76 /* AppDelegate.swift */; };
		C6C8888F1F5152F30063BC76 /* SearchController.swift in Sources */ = {isa = PBXBuildFile; fileRef = C6C8888E1F5152F30063BC76 /* SearchController.swift */; };
		C6C888941F5152F30063BC76 /* Assets.xcassets in Resources */ = {isa = PBXBuildFile; fileRef = C6C888931F5152F30063BC76 /* Assets.xcassets */; };
		C6C888971F5152F30063BC76 /* LaunchScreen.storyboard in Resources */ = {isa = PBXBuildFile; fileRef = C6C888951F5152F30063BC76 /* LaunchScreen.storyboard */; };
/* End PBXBuildFile section */

/* Begin PBXFileReference section */
		45808A5B4448DE49C41D2272 /* Pods_Giphsy.framework */ = {isa = PBXFileReference; explicitFileType = wrapper.framework; includeInIndex = 0; path = Pods_Giphsy.framework; sourceTree = BUILT_PRODUCTS_DIR; };
		7F9390A752895FACBF208194 /* Pods-Giphsy.release.xcconfig */ = {isa = PBXFileReference; includeInIndex = 1; lastKnownFileType = text.xcconfig; name = "Pods-Giphsy.release.xcconfig"; path = "Pods/Target Support Files/Pods-Giphsy/Pods-Giphsy.release.xcconfig"; sourceTree = "<group>"; };
		C610D72E1F515DA70033717C /* ApiService.swift */ = {isa = PBXFileReference; fileEncoding = 4; lastKnownFileType = sourcecode.swift; path = ApiService.swift; sourceTree = "<group>"; };
		C610D7381F51678A0033717C /* SearchViewModel.swift */ = {isa = PBXFileReference; fileEncoding = 4; lastKnownFileType = sourcecode.swift; path = SearchViewModel.swift; sourceTree = "<group>"; };
		C610D73A1F5167CA0033717C /* GalleryItem.swift */ = {isa = PBXFileReference; fileEncoding = 4; lastKnownFileType = sourcecode.swift; path = GalleryItem.swift; sourceTree = "<group>"; };
		C610D73D1F5167DF0033717C /* ImageItem.swift */ = {isa = PBXFileReference; fileEncoding = 4; lastKnownFileType = sourcecode.swift; path = ImageItem.swift; sourceTree = "<group>"; };
		C610D73F1F5167EF0033717C /* TagItem.swift */ = {isa = PBXFileReference; fileEncoding = 4; lastKnownFileType = sourcecode.swift; path = TagItem.swift; sourceTree = "<group>"; };
		C6C888891F5152F30063BC76 /* Giphsy.app */ = {isa = PBXFileReference; explicitFileType = wrapper.application; includeInIndex = 0; path = Giphsy.app; sourceTree = BUILT_PRODUCTS_DIR; };
		C6C8888C1F5152F30063BC76 /* AppDelegate.swift */ = {isa = PBXFileReference; lastKnownFileType = sourcecode.swift; path = AppDelegate.swift; sourceTree = "<group>"; };
		C6C8888E1F5152F30063BC76 /* SearchController.swift */ = {isa = PBXFileReference; lastKnownFileType = sourcecode.swift; path = SearchController.swift; sourceTree = "<group>"; };
		C6C888931F5152F30063BC76 /* Assets.xcassets */ = {isa = PBXFileReference; lastKnownFileType = folder.assetcatalog; path = Assets.xcassets; sourceTree = "<group>"; };
		C6C888961F5152F30063BC76 /* Base */ = {isa = PBXFileReference; lastKnownFileType = file.storyboard; name = Base; path = Base.lproj/LaunchScreen.storyboard; sourceTree = "<group>"; };
		C6C888981F5152F30063BC76 /* Info.plist */ = {isa = PBXFileReference; lastKnownFileType = text.plist.xml; path = Info.plist; sourceTree = "<group>"; };
		E16D47AE1E0A7A457C44FCBF /* Pods-Giphsy.debug.xcconfig */ = {isa = PBXFileReference; includeInIndex = 1; lastKnownFileType = text.xcconfig; name = "Pods-Giphsy.debug.xcconfig"; path = "Pods/Target Support Files/Pods-Giphsy/Pods-Giphsy.debug.xcconfig"; sourceTree = "<group>"; };
/* End PBXFileReference section */

/* Begin PBXFrameworksBuildPhase section */
		C6C888861F5152F20063BC76 /* Frameworks */ = {
			isa = PBXFrameworksBuildPhase;
			buildActionMask = 2147483647;
			files = (
				33E9503246F66FA4D92517C7 /* Pods_Giphsy.framework in Frameworks */,
			);
			runOnlyForDeploymentPostprocessing = 0;
		};
/* End PBXFrameworksBuildPhase section */

/* Begin PBXGroup section */
		7E7AA4FAA9709ED538427FAC /* Frameworks */ = {
			isa = PBXGroup;
			children = (
				45808A5B4448DE49C41D2272 /* Pods_Giphsy.framework */,
			);
			name = Frameworks;
			sourceTree = "<group>";
		};
		C610D7301F5166DD0033717C /* Model */ = {
			isa = PBXGroup;
			children = (
				C610D73A1F5167CA0033717C /* GalleryItem.swift */,
				C610D73D1F5167DF0033717C /* ImageItem.swift */,
				C610D73F1F5167EF0033717C /* TagItem.swift */,
			);
			name = Model;
			sourceTree = "<group>";
		};
		C610D7311F5166E00033717C /* View */ = {
			isa = PBXGroup;
			children = (
				C610D7361F5167040033717C /* Views */,
				C610D7351F5166FF0033717C /* Cells */,
				C610D7341F5166F90033717C /* Controllers */,
			);
			name = View;
			sourceTree = "<group>";
		};
		C610D7321F5166E40033717C /* View Model */ = {
			isa = PBXGroup;
			children = (
				C610D7381F51678A0033717C /* SearchViewModel.swift */,
			);
			name = "View Model";
			sourceTree = "<group>";
		};
		C610D7331F5166ED0033717C /* Global */ = {
			isa = PBXGroup;
			children = (
				C6C888951F5152F30063BC76 /* LaunchScreen.storyboard */,
				C6C8888C1F5152F30063BC76 /* AppDelegate.swift */,
				C6C888981F5152F30063BC76 /* Info.plist */,
			);
			name = Global;
			sourceTree = "<group>";
		};
		C610D7341F5166F90033717C /* Controllers */ = {
			isa = PBXGroup;
			children = (
				C6C8888E1F5152F30063BC76 /* SearchController.swift */,
			);
			name = Controllers;
			sourceTree = "<group>";
		};
		C610D7351F5166FF0033717C /* Cells */ = {
			isa = PBXGroup;
			children = (
			);
			name = Cells;
			sourceTree = "<group>";
		};
		C610D7361F5167040033717C /* Views */ = {
			isa = PBXGroup;
			children = (
			);
			name = Views;
			sourceTree = "<group>";
		};
		C610D7371F51671E0033717C /* Support */ = {
			isa = PBXGroup;
			children = (
				C610D72E1F515DA70033717C /* ApiService.swift */,
			);
			name = Support;
			sourceTree = "<group>";
		};
		C6C888801F5152F20063BC76 = {
			isa = PBXGroup;
			children = (
				C6C8888B1F5152F30063BC76 /* Giphsy */,
				C6C8888A1F5152F30063BC76 /* Products */,
				FA554D3D24DD40211F0FE477 /* Pods */,
				7E7AA4FAA9709ED538427FAC /* Frameworks */,
			);
			sourceTree = "<group>";
		};
		C6C8888A1F5152F30063BC76 /* Products */ = {
			isa = PBXGroup;
			children = (
				C6C888891F5152F30063BC76 /* Giphsy.app */,
			);
			name = Products;
			sourceTree = "<group>";
		};
		C6C8888B1F5152F30063BC76 /* Giphsy */ = {
			isa = PBXGroup;
			children = (
				C610D7371F51671E0033717C /* Support */,
				C610D7331F5166ED0033717C /* Global */,
				C610D7321F5166E40033717C /* View Model */,
				C610D7311F5166E00033717C /* View */,
				C610D7301F5166DD0033717C /* Model */,
				C6C888931F5152F30063BC76 /* Assets.xcassets */,
			);
			path = Giphsy;
			sourceTree = "<group>";
		};
		FA554D3D24DD40211F0FE477 /* Pods */ = {
			isa = PBXGroup;
			children = (
				E16D47AE1E0A7A457C44FCBF /* Pods-Giphsy.debug.xcconfig */,
				7F9390A752895FACBF208194 /* Pods-Giphsy.release.xcconfig */,
			);
			name = Pods;
			sourceTree = "<group>";
		};
/* End PBXGroup section */

/* Begin PBXNativeTarget section */
		C6C888881F5152F20063BC76 /* Giphsy */ = {
			isa = PBXNativeTarget;
			buildConfigurationList = C6C8889B1F5152F30063BC76 /* Build configuration list for PBXNativeTarget "Giphsy" */;
			buildPhases = (
				04AC563A539FCFE02CBA3B24 /* [CP] Check Pods Manifest.lock */,
				C6C888851F5152F20063BC76 /* Sources */,
				C6C888861F5152F20063BC76 /* Frameworks */,
				C6C888871F5152F20063BC76 /* Resources */,
				AF28F1AAE63235E9CB341FF8 /* [CP] Embed Pods Frameworks */,
				3D018AC347800406DD8E0AA3 /* [CP] Copy Pods Resources */,
			);
			buildRules = (
			);
			dependencies = (
			);
			name = Giphsy;
			productName = Giphsy;
			productReference = C6C888891F5152F30063BC76 /* Giphsy.app */;
			productType = "com.apple.product-type.application";
		};
/* End PBXNativeTarget section */

/* Begin PBXProject section */
		C6C888811F5152F20063BC76 /* Project object */ = {
			isa = PBXProject;
			attributes = {
				LastSwiftUpdateCheck = 0830;
				LastUpgradeCheck = 0830;
				ORGANIZATIONNAME = "Ajay Mann";
				TargetAttributes = {
					C6C888881F5152F20063BC76 = {
						CreatedOnToolsVersion = 8.3.3;
						DevelopmentTeam = A26X592M5J;
						ProvisioningStyle = Automatic;
					};
				};
			};
			buildConfigurationList = C6C888841F5152F20063BC76 /* Build configuration list for PBXProject "Giphsy" */;
			compatibilityVersion = "Xcode 3.2";
			developmentRegion = English;
			hasScannedForEncodings = 0;
			knownRegions = (
				en,
				Base,
			);
			mainGroup = C6C888801F5152F20063BC76;
			productRefGroup = C6C8888A1F5152F30063BC76 /* Products */;
			projectDirPath = "";
			projectRoot = "";
			targets = (
				C6C888881F5152F20063BC76 /* Giphsy */,
			);
		};
/* End PBXProject section */

/* Begin PBXResourcesBuildPhase section */
		C6C888871F5152F20063BC76 /* Resources */ = {
			isa = PBXResourcesBuildPhase;
			buildActionMask = 2147483647;
			files = (
				C6C888971F5152F30063BC76 /* LaunchScreen.storyboard in Resources */,
				C6C888941F5152F30063BC76 /* Assets.xcassets in Resources */,
			);
			runOnlyForDeploymentPostprocessing = 0;
		};
/* End PBXResourcesBuildPhase section */

/* Begin PBXShellScriptBuildPhase section */
		04AC563A539FCFE02CBA3B24 /* [CP] Check Pods Manifest.lock */ = {
			isa = PBXShellScriptBuildPhase;
			buildActionMask = 2147483647;
			files = (
			);
			inputPaths = (
			);
			name = "[CP] Check Pods Manifest.lock";
			outputPaths = (
			);
			runOnlyForDeploymentPostprocessing = 0;
			shellPath = /bin/sh;
			shellScript = "diff \"${PODS_PODFILE_DIR_PATH}/Podfile.lock\" \"${PODS_ROOT}/Manifest.lock\" > /dev/null\nif [ $? != 0 ] ; then\n    # print error to STDERR\n    echo \"error: The sandbox is not in sync with the Podfile.lock. Run 'pod install' or update your CocoaPods installation.\" >&2\n    exit 1\nfi\n";
			showEnvVarsInLog = 0;
		};
		3D018AC347800406DD8E0AA3 /* [CP] Copy Pods Resources */ = {
			isa = PBXShellScriptBuildPhase;
			buildActionMask = 2147483647;
			files = (
			);
			inputPaths = (
			);
			name = "[CP] Copy Pods Resources";
			outputPaths = (
			);
			runOnlyForDeploymentPostprocessing = 0;
			shellPath = /bin/sh;
			shellScript = "\"${SRCROOT}/Pods/Target Support Files/Pods-Giphsy/Pods-Giphsy-resources.sh\"\n";
			showEnvVarsInLog = 0;
		};
		AF28F1AAE63235E9CB341FF8 /* [CP] Embed Pods Frameworks */ = {
			isa = PBXShellScriptBuildPhase;
			buildActionMask = 2147483647;
			files = (
			);
			inputPaths = (
			);
			name = "[CP] Embed Pods Frameworks";
			outputPaths = (
			);
			runOnlyForDeploymentPostprocessing = 0;
			shellPath = /bin/sh;
			shellScript = "\"${SRCROOT}/Pods/Target Support Files/Pods-Giphsy/Pods-Giphsy-frameworks.sh\"\n";
			showEnvVarsInLog = 0;
		};
/* End PBXShellScriptBuildPhase section */

/* Begin PBXSourcesBuildPhase section */
		C6C888851F5152F20063BC76 /* Sources */ = {
			isa = PBXSourcesBuildPhase;
			buildActionMask = 2147483647;
			files = (
				C610D73E1F5167DF0033717C /* ImageItem.swift in Sources */,
				C610D7401F5167EF0033717C /* TagItem.swift in Sources */,
				C610D73B1F5167CA0033717C /* GalleryItem.swift in Sources */,
				C6C8888F1F5152F30063BC76 /* SearchController.swift in Sources */,
				C6C8888D1F5152F30063BC76 /* AppDelegate.swift in Sources */,
				C610D7391F51678A0033717C /* SearchViewModel.swift in Sources */,
				C610D72F1F515DA70033717C /* ApiService.swift in Sources */,
			);
			runOnlyForDeploymentPostprocessing = 0;
		};
/* End PBXSourcesBuildPhase section */

/* Begin PBXVariantGroup section */
		C6C888951F5152F30063BC76 /* LaunchScreen.storyboard */ = {
			isa = PBXVariantGroup;
			children = (
				C6C888961F5152F30063BC76 /* Base */,
			);
			name = LaunchScreen.storyboard;
			sourceTree = "<group>";
		};
/* End PBXVariantGroup section */

/* Begin XCBuildConfiguration section */
		C6C888991F5152F30063BC76 /* Debug */ = {
			isa = XCBuildConfiguration;
			buildSettings = {
				ALWAYS_SEARCH_USER_PATHS = NO;
				CLANG_ANALYZER_NONNULL = YES;
				CLANG_ANALYZER_NUMBER_OBJECT_CONVERSION = YES_AGGRESSIVE;
				CLANG_CXX_LANGUAGE_STANDARD = "gnu++0x";
				CLANG_CXX_LIBRARY = "libc++";
				CLANG_ENABLE_MODULES = YES;
				CLANG_ENABLE_OBJC_ARC = YES;
				CLANG_WARN_BOOL_CONVERSION = YES;
				CLANG_WARN_CONSTANT_CONVERSION = YES;
				CLANG_WARN_DIRECT_OBJC_ISA_USAGE = YES_ERROR;
				CLANG_WARN_DOCUMENTATION_COMMENTS = YES;
				CLANG_WARN_EMPTY_BODY = YES;
				CLANG_WARN_ENUM_CONVERSION = YES;
				CLANG_WARN_INFINITE_RECURSION = YES;
				CLANG_WARN_INT_CONVERSION = YES;
				CLANG_WARN_OBJC_ROOT_CLASS = YES_ERROR;
				CLANG_WARN_SUSPICIOUS_MOVE = YES;
				CLANG_WARN_UNREACHABLE_CODE = YES;
				CLANG_WARN__DUPLICATE_METHOD_MATCH = YES;
				"CODE_SIGN_IDENTITY[sdk=iphoneos*]" = "iPhone Developer";
				COPY_PHASE_STRIP = NO;
				DEBUG_INFORMATION_FORMAT = dwarf;
				ENABLE_STRICT_OBJC_MSGSEND = YES;
				ENABLE_TESTABILITY = YES;
				GCC_C_LANGUAGE_STANDARD = gnu99;
				GCC_DYNAMIC_NO_PIC = NO;
				GCC_NO_COMMON_BLOCKS = YES;
				GCC_OPTIMIZATION_LEVEL = 0;
				GCC_PREPROCESSOR_DEFINITIONS = (
					"DEBUG=1",
					"$(inherited)",
				);
				GCC_WARN_64_TO_32_BIT_CONVERSION = YES;
				GCC_WARN_ABOUT_RETURN_TYPE = YES_ERROR;
				GCC_WARN_UNDECLARED_SELECTOR = YES;
				GCC_WARN_UNINITIALIZED_AUTOS = YES_AGGRESSIVE;
				GCC_WARN_UNUSED_FUNCTION = YES;
				GCC_WARN_UNUSED_VARIABLE = YES;
				IPHONEOS_DEPLOYMENT_TARGET = 10.3;
				MTL_ENABLE_DEBUG_INFO = YES;
				ONLY_ACTIVE_ARCH = YES;
				SDKROOT = iphoneos;
				SWIFT_ACTIVE_COMPILATION_CONDITIONS = DEBUG;
				SWIFT_OPTIMIZATION_LEVEL = "-Onone";
				TARGETED_DEVICE_FAMILY = "1,2";
			};
			name = Debug;
		};
		C6C8889A1F5152F30063BC76 /* Release */ = {
			isa = XCBuildConfiguration;
			buildSettings = {
				ALWAYS_SEARCH_USER_PATHS = NO;
				CLANG_ANALYZER_NONNULL = YES;
				CLANG_ANALYZER_NUMBER_OBJECT_CONVERSION = YES_AGGRESSIVE;
				CLANG_CXX_LANGUAGE_STANDARD = "gnu++0x";
				CLANG_CXX_LIBRARY = "libc++";
				CLANG_ENABLE_MODULES = YES;
				CLANG_ENABLE_OBJC_ARC = YES;
				CLANG_WARN_BOOL_CONVERSION = YES;
				CLANG_WARN_CONSTANT_CONVERSION = YES;
				CLANG_WARN_DIRECT_OBJC_ISA_USAGE = YES_ERROR;
				CLANG_WARN_DOCUMENTATION_COMMENTS = YES;
				CLANG_WARN_EMPTY_BODY = YES;
				CLANG_WARN_ENUM_CONVERSION = YES;
				CLANG_WARN_INFINITE_RECURSION = YES;
				CLANG_WARN_INT_CONVERSION = YES;
				CLANG_WARN_OBJC_ROOT_CLASS = YES_ERROR;
				CLANG_WARN_SUSPICIOUS_MOVE = YES;
				CLANG_WARN_UNREACHABLE_CODE = YES;
				CLANG_WARN__DUPLICATE_METHOD_MATCH = YES;
				"CODE_SIGN_IDENTITY[sdk=iphoneos*]" = "iPhone Developer";
				COPY_PHASE_STRIP = NO;
				DEBUG_INFORMATION_FORMAT = "dwarf-with-dsym";
				ENABLE_NS_ASSERTIONS = NO;
				ENABLE_STRICT_OBJC_MSGSEND = YES;
				GCC_C_LANGUAGE_STANDARD = gnu99;
				GCC_NO_COMMON_BLOCKS = YES;
				GCC_WARN_64_TO_32_BIT_CONVERSION = YES;
				GCC_WARN_ABOUT_RETURN_TYPE = YES_ERROR;
				GCC_WARN_UNDECLARED_SELECTOR = YES;
				GCC_WARN_UNINITIALIZED_AUTOS = YES_AGGRESSIVE;
				GCC_WARN_UNUSED_FUNCTION = YES;
				GCC_WARN_UNUSED_VARIABLE = YES;
				IPHONEOS_DEPLOYMENT_TARGET = 10.3;
				MTL_ENABLE_DEBUG_INFO = NO;
				SDKROOT = iphoneos;
				SWIFT_OPTIMIZATION_LEVEL = "-Owholemodule";
				TARGETED_DEVICE_FAMILY = "1,2";
				VALIDATE_PRODUCT = YES;
			};
			name = Release;
		};
		C6C8889C1F5152F30063BC76 /* Debug */ = {
			isa = XCBuildConfiguration;
			baseConfigurationReference = E16D47AE1E0A7A457C44FCBF /* Pods-Giphsy.debug.xcconfig */;
			buildSettings = {
				ASSETCATALOG_COMPILER_APPICON_NAME = AppIcon;
				DEVELOPMENT_TEAM = A26X592M5J;
				INFOPLIST_FILE = Giphsy/Info.plist;
				LD_RUNPATH_SEARCH_PATHS = "$(inherited) @executable_path/Frameworks";
				PRODUCT_BUNDLE_IDENTIFIER = xyz.ajaymann.Giphsy;
				PRODUCT_NAME = "$(TARGET_NAME)";
				SWIFT_VERSION = 3.0;
			};
			name = Debug;
		};
		C6C8889D1F5152F30063BC76 /* Release */ = {
			isa = XCBuildConfiguration;
			baseConfigurationReference = 7F9390A752895FACBF208194 /* Pods-Giphsy.release.xcconfig */;
			buildSettings = {
				ASSETCATALOG_COMPILER_APPICON_NAME = AppIcon;
				DEVELOPMENT_TEAM = A26X592M5J;
				INFOPLIST_FILE = Giphsy/Info.plist;
				LD_RUNPATH_SEARCH_PATHS = "$(inherited) @executable_path/Frameworks";
				PRODUCT_BUNDLE_IDENTIFIER = xyz.ajaymann.Giphsy;
				PRODUCT_NAME = "$(TARGET_NAME)";
				SWIFT_VERSION = 3.0;
			};
			name = Release;
		};
/* End XCBuildConfiguration section */

/* Begin XCConfigurationList section */
		C6C888841F5152F20063BC76 /* Build configuration list for PBXProject "Giphsy" */ = {
			isa = XCConfigurationList;
			buildConfigurations = (
				C6C888991F5152F30063BC76 /* Debug */,
				C6C8889A1F5152F30063BC76 /* Release */,
			);
			defaultConfigurationIsVisible = 0;
			defaultConfigurationName = Release;
		};
		C6C8889B1F5152F30063BC76 /* Build configuration list for PBXNativeTarget "Giphsy" */ = {
			isa = XCConfigurationList;
			buildConfigurations = (
				C6C8889C1F5152F30063BC76 /* Debug */,
				C6C8889D1F5152F30063BC76 /* Release */,
			);
			defaultConfigurationIsVisible = 0;
			defaultConfigurationName = Release;
		};
/* End XCConfigurationList section */
	};
	rootObject = C6C888811F5152F20063BC76 /* Project object */;
}
